
Microsoft Visual Studio Solution File, Format Version 12.00
# Visual Studio Version 16
VisualStudioVersion = 16.0.30517.126
MinimumVisualStudioVersion = 10.0.40219.1
Project("{FAE04EC0-301F-11D3-BF4B-00C04F79EFBC}") = "ExtensionCore", "ExtensionCore.csproj", "{3B55073C-7797-4ABB-966A-3E45E6BCFDDD}"
EndProject
Global
	GlobalSection(SolutionConfigurationPlatforms) = preSolution
		Debug|Any CPU = Debug|Any CPU
		Release|Any CPU = Release|Any CPU
	EndGlobalSection
	GlobalSection(ProjectConfigurationPlatforms) = postSolution
		{3B55073C-7797-4ABB-966A-3E45E6BCFDDD}.Debug|Any CPU.ActiveCfg = Debug|Any CPU
		{3B55073C-7797-4ABB-966A-3E45E6BCFDDD}.Debug|Any CPU.Build.0 = Debug|Any CPU
		{3B55073C-7797-4ABB-966A-3E45E6BCFDDD}.Release|Any CPU.ActiveCfg = Release|Any CPU
		{3B55073C-7797-4ABB-966A-3E45E6BCFDDD}.Release|Any CPU.Build.0 = Release|Any CPU
	EndGlobalSection
	GlobalSection(SolutionProperties) = preSolution
		HideSolutionNode = FALSE
	EndGlobalSection
	GlobalSection(ExtensibilityGlobals) = postSolution
		SolutionGuid = {9586A458-3F3A-473C-B74C-41493E2B2DCB}
	EndGlobalSection
EndGlobal
